// !$*UTF8*$!
{
	archiveVersion = 1;
	classes = {
	};
	objectVersion = 50;
	objects = {

/* Begin PBXBuildFile section */
		B28FD34524928A10004CDFB2 /* AppDelegate.swift in Sources */ = {isa = PBXBuildFile; fileRef = B28FD34424928A10004CDFB2 /* AppDelegate.swift */; };
		B28FD34724928A10004CDFB2 /* SceneDelegate.swift in Sources */ = {isa = PBXBuildFile; fileRef = B28FD34624928A10004CDFB2 /* SceneDelegate.swift */; };
		B28FD34924928A10004CDFB2 /* HomeViewController.swift in Sources */ = {isa = PBXBuildFile; fileRef = B28FD34824928A10004CDFB2 /* HomeViewController.swift */; };
		B28FD34C24928A10004CDFB2 /* Main.storyboard in Resources */ = {isa = PBXBuildFile; fileRef = B28FD34A24928A10004CDFB2 /* Main.storyboard */; };
		B28FD34E24928A15004CDFB2 /* Assets.xcassets in Resources */ = {isa = PBXBuildFile; fileRef = B28FD34D24928A15004CDFB2 /* Assets.xcassets */; };
		B28FD35124928A15004CDFB2 /* LaunchScreen.storyboard in Resources */ = {isa = PBXBuildFile; fileRef = B28FD34F24928A15004CDFB2 /* LaunchScreen.storyboard */; };
		B2A4BD1B24990FD0004AD6DD /* CardContentViewModel.swift in Sources */ = {isa = PBXBuildFile; fileRef = B2A4BD1A24990FD0004AD6DD /* CardContentViewModel.swift */; };
		B2A4BD1D2499103C004AD6DD /* UIImageExtensions.swift in Sources */ = {isa = PBXBuildFile; fileRef = B2A4BD1C2499103C004AD6DD /* UIImageExtensions.swift */; };
		B2A4BD1F2499207C004AD6DD /* CardDetailViewController.swift in Sources */ = {isa = PBXBuildFile; fileRef = B2A4BD1E2499207C004AD6DD /* CardDetailViewController.swift */; };
		B2A4BD22249926B9004AD6DD /* CardTransition.swift in Sources */ = {isa = PBXBuildFile; fileRef = B2A4BD21249926B9004AD6DD /* CardTransition.swift */; };
		B2A4BD25249927F3004AD6DD /* PresentCardAnimator.swift in Sources */ = {isa = PBXBuildFile; fileRef = B2A4BD24249927F3004AD6DD /* PresentCardAnimator.swift */; };
		B2A4BD27249928B5004AD6DD /* PresentCardTransitionDriver.swift in Sources */ = {isa = PBXBuildFile; fileRef = B2A4BD26249928B5004AD6DD /* PresentCardTransitionDriver.swift */; };
		B2A4BD2924993427004AD6DD /* DismissCardAnimator.swift in Sources */ = {isa = PBXBuildFile; fileRef = B2A4BD2824993427004AD6DD /* DismissCardAnimator.swift */; };
		B2A4BD2C24995DA1004AD6DD /* CardPresentationController.swift in Sources */ = {isa = PBXBuildFile; fileRef = B2A4BD2B24995DA1004AD6DD /* CardPresentationController.swift */; };
		B2A4BD2E24996358004AD6DD /* StatusBarAnimatableViewController.swift in Sources */ = {isa = PBXBuildFile; fileRef = B2A4BD2D24996358004AD6DD /* StatusBarAnimatableViewController.swift */; };
		B2AE48B02493ECB200194F5E /* CardCollectionViewCell.xib in Resources */ = {isa = PBXBuildFile; fileRef = B2AE48AE2493ECB200194F5E /* CardCollectionViewCell.xib */; };
		B2AE48B12493ECB200194F5E /* CardCollectionViewCell.swift in Sources */ = {isa = PBXBuildFile; fileRef = B2AE48AF2493ECB200194F5E /* CardCollectionViewCell.swift */; };
		B2AE48B32493ED4600194F5E /* bg1.png in Resources */ = {isa = PBXBuildFile; fileRef = B2AE48B22493ED4600194F5E /* bg1.png */; };
		B2AE48B62493F83900194F5E /* CardContentView.xib in Resources */ = {isa = PBXBuildFile; fileRef = B2AE48B52493F83900194F5E /* CardContentView.xib */; };
		B2AE48B82493F85D00194F5E /* CardContentView.swift in Sources */ = {isa = PBXBuildFile; fileRef = B2AE48B72493F85D00194F5E /* CardContentView.swift */; };
		B2AE48BA2493F88500194F5E /* Nibloadable.swift in Sources */ = {isa = PBXBuildFile; fileRef = B2AE48B92493F88500194F5E /* Nibloadable.swift */; };
		B2AE48BD2493F8C300194F5E /* UIViewExtensions.swift in Sources */ = {isa = PBXBuildFile; fileRef = B2AE48BC2493F8C300194F5E /* UIViewExtensions.swift */; };
/* End PBXBuildFile section */

/* Begin PBXFileReference section */
		B28FD34124928A10004CDFB2 /* AppStoreTransition.app */ = {isa = PBXFileReference; explicitFileType = wrapper.application; includeInIndex = 0; path = AppStoreTransition.app; sourceTree = BUILT_PRODUCTS_DIR; };
		B28FD34424928A10004CDFB2 /* AppDelegate.swift */ = {isa = PBXFileReference; lastKnownFileType = sourcecode.swift; path = AppDelegate.swift; sourceTree = "<group>"; };
		B28FD34624928A10004CDFB2 /* SceneDelegate.swift */ = {isa = PBXFileReference; lastKnownFileType = sourcecode.swift; path = SceneDelegate.swift; sourceTree = "<group>"; };
		B28FD34824928A10004CDFB2 /* HomeViewController.swift */ = {isa = PBXFileReference; lastKnownFileType = sourcecode.swift; path = HomeViewController.swift; sourceTree = "<group>"; };
		B28FD34B24928A10004CDFB2 /* Base */ = {isa = PBXFileReference; lastKnownFileType = file.storyboard; name = Base; path = Base.lproj/Main.storyboard; sourceTree = "<group>"; };
		B28FD34D24928A15004CDFB2 /* Assets.xcassets */ = {isa = PBXFileReference; lastKnownFileType = folder.assetcatalog; path = Assets.xcassets; sourceTree = "<group>"; };
		B28FD35024928A15004CDFB2 /* Base */ = {isa = PBXFileReference; lastKnownFileType = file.storyboard; name = Base; path = Base.lproj/LaunchScreen.storyboard; sourceTree = "<group>"; };
		B28FD35224928A15004CDFB2 /* Info.plist */ = {isa = PBXFileReference; lastKnownFileType = text.plist.xml; path = Info.plist; sourceTree = "<group>"; };
		B2A4BD1A24990FD0004AD6DD /* CardContentViewModel.swift */ = {isa = PBXFileReference; lastKnownFileType = sourcecode.swift; path = CardContentViewModel.swift; sourceTree = "<group>"; };
		B2A4BD1C2499103C004AD6DD /* UIImageExtensions.swift */ = {isa = PBXFileReference; lastKnownFileType = sourcecode.swift; path = UIImageExtensions.swift; sourceTree = "<group>"; };
		B2A4BD1E2499207C004AD6DD /* CardDetailViewController.swift */ = {isa = PBXFileReference; lastKnownFileType = sourcecode.swift; path = CardDetailViewController.swift; sourceTree = "<group>"; };
		B2A4BD21249926B9004AD6DD /* CardTransition.swift */ = {isa = PBXFileReference; lastKnownFileType = sourcecode.swift; path = CardTransition.swift; sourceTree = "<group>"; };
		B2A4BD24249927F3004AD6DD /* PresentCardAnimator.swift */ = {isa = PBXFileReference; lastKnownFileType = sourcecode.swift; path = PresentCardAnimator.swift; sourceTree = "<group>"; };
		B2A4BD26249928B5004AD6DD /* PresentCardTransitionDriver.swift */ = {isa = PBXFileReference; lastKnownFileType = sourcecode.swift; path = PresentCardTransitionDriver.swift; sourceTree = "<group>"; };
		B2A4BD2824993427004AD6DD /* DismissCardAnimator.swift */ = {isa = PBXFileReference; lastKnownFileType = sourcecode.swift; path = DismissCardAnimator.swift; sourceTree = "<group>"; };
		B2A4BD2B24995DA1004AD6DD /* CardPresentationController.swift */ = {isa = PBXFileReference; lastKnownFileType = sourcecode.swift; path = CardPresentationController.swift; sourceTree = "<group>"; };
		B2A4BD2D24996358004AD6DD /* StatusBarAnimatableViewController.swift */ = {isa = PBXFileReference; lastKnownFileType = sourcecode.swift; path = StatusBarAnimatableViewController.swift; sourceTree = "<group>"; };
		B2AE48AE2493ECB200194F5E /* CardCollectionViewCell.xib */ = {isa = PBXFileReference; fileEncoding = 4; lastKnownFileType = file.xib; path = CardCollectionViewCell.xib; sourceTree = "<group>"; };
		B2AE48AF2493ECB200194F5E /* CardCollectionViewCell.swift */ = {isa = PBXFileReference; fileEncoding = 4; lastKnownFileType = sourcecode.swift; path = CardCollectionViewCell.swift; sourceTree = "<group>"; };
		B2AE48B22493ED4600194F5E /* bg1.png */ = {isa = PBXFileReference; lastKnownFileType = image.png; path = bg1.png; sourceTree = "<group>"; };
		B2AE48B52493F83900194F5E /* CardContentView.xib */ = {isa = PBXFileReference; lastKnownFileType = file.xib; path = CardContentView.xib; sourceTree = "<group>"; };
		B2AE48B72493F85D00194F5E /* CardContentView.swift */ = {isa = PBXFileReference; lastKnownFileType = sourcecode.swift; path = CardContentView.swift; sourceTree = "<group>"; };
		B2AE48B92493F88500194F5E /* Nibloadable.swift */ = {isa = PBXFileReference; lastKnownFileType = sourcecode.swift; path = Nibloadable.swift; sourceTree = "<group>"; };
		B2AE48BC2493F8C300194F5E /* UIViewExtensions.swift */ = {isa = PBXFileReference; lastKnownFileType = sourcecode.swift; path = UIViewExtensions.swift; sourceTree = "<group>"; };
/* End PBXFileReference section */

/* Begin PBXFrameworksBuildPhase section */
		B28FD33E24928A10004CDFB2 /* Frameworks */ = {
			isa = PBXFrameworksBuildPhase;
			buildActionMask = 2147483647;
			files = (
			);
			runOnlyForDeploymentPostprocessing = 0;
		};
/* End PBXFrameworksBuildPhase section */

/* Begin PBXGroup section */
		B28FD33824928A10004CDFB2 = {
			isa = PBXGroup;
			children = (
				B28FD34324928A10004CDFB2 /* AppStoreTransition */,
				B28FD34224928A10004CDFB2 /* Products */,
			);
			sourceTree = "<group>";
		};
		B28FD34224928A10004CDFB2 /* Products */ = {
			isa = PBXGroup;
			children = (
				B28FD34124928A10004CDFB2 /* AppStoreTransition.app */,
			);
			name = Products;
			sourceTree = "<group>";
		};
		B28FD34324928A10004CDFB2 /* AppStoreTransition */ = {
			isa = PBXGroup;
			children = (
				B2A4BD20249926A9004AD6DD /* Transition */,
				B2AE48BB2493F8B700194F5E /* Extensions */,
				B2AE48B42493ED4E00194F5E /* Images */,
				B2AE48AD2493ECB200194F5E /* Views */,
				B2AE48A72493EAD900194F5E /* ViewControllers */,
				B2AE48B92493F88500194F5E /* Nibloadable.swift */,
				B28FD34424928A10004CDFB2 /* AppDelegate.swift */,
				B28FD34624928A10004CDFB2 /* SceneDelegate.swift */,
				B28FD34A24928A10004CDFB2 /* Main.storyboard */,
				B28FD34D24928A15004CDFB2 /* Assets.xcassets */,
				B28FD34F24928A15004CDFB2 /* LaunchScreen.storyboard */,
				B28FD35224928A15004CDFB2 /* Info.plist */,
			);
			path = AppStoreTransition;
			sourceTree = "<group>";
		};
		B2A4BD1924990FBA004AD6DD /* Model */ = {
			isa = PBXGroup;
			children = (
				B2A4BD1A24990FD0004AD6DD /* CardContentViewModel.swift */,
			);
			path = Model;
			sourceTree = "<group>";
		};
		B2A4BD20249926A9004AD6DD /* Transition */ = {
			isa = PBXGroup;
			children = (
				B2A4BD23249927E0004AD6DD /* Animations */,
				B2A4BD21249926B9004AD6DD /* CardTransition.swift */,
				B2A4BD2D24996358004AD6DD /* StatusBarAnimatableViewController.swift */,
			);
			path = Transition;
			sourceTree = "<group>";
		};
		B2A4BD23249927E0004AD6DD /* Animations */ = {
			isa = PBXGroup;
			children = (
				B2A4BD24249927F3004AD6DD /* PresentCardAnimator.swift */,
				B2A4BD26249928B5004AD6DD /* PresentCardTransitionDriver.swift */,
				B2A4BD2824993427004AD6DD /* DismissCardAnimator.swift */,
				B2A4BD2B24995DA1004AD6DD /* CardPresentationController.swift */,
			);
			path = Animations;
			sourceTree = "<group>";
		};
		B2AE48A72493EAD900194F5E /* ViewControllers */ = {
			isa = PBXGroup;
			children = (
				B28FD34824928A10004CDFB2 /* HomeViewController.swift */,
				B2A4BD1E2499207C004AD6DD /* CardDetailViewController.swift */,
			);
			path = ViewControllers;
			sourceTree = "<group>";
		};
		B2AE48AD2493ECB200194F5E /* Views */ = {
			isa = PBXGroup;
			children = (
				B2A4BD1924990FBA004AD6DD /* Model */,
				B2AE48AE2493ECB200194F5E /* CardCollectionViewCell.xib */,
				B2AE48AF2493ECB200194F5E /* CardCollectionViewCell.swift */,
				B2AE48B52493F83900194F5E /* CardContentView.xib */,
				B2AE48B72493F85D00194F5E /* CardContentView.swift */,
			);
			path = Views;
			sourceTree = "<group>";
		};
		B2AE48B42493ED4E00194F5E /* Images */ = {
			isa = PBXGroup;
			children = (
				B2AE48B22493ED4600194F5E /* bg1.png */,
			);
			path = Images;
			sourceTree = "<group>";
		};
		B2AE48BB2493F8B700194F5E /* Extensions */ = {
			isa = PBXGroup;
			children = (
				B2AE48BC2493F8C300194F5E /* UIViewExtensions.swift */,
				B2A4BD1C2499103C004AD6DD /* UIImageExtensions.swift */,
			);
			path = Extensions;
			sourceTree = "<group>";
		};
/* End PBXGroup section */

/* Begin PBXNativeTarget section */
		B28FD34024928A10004CDFB2 /* AppStoreTransition */ = {
			isa = PBXNativeTarget;
			buildConfigurationList = B28FD35524928A15004CDFB2 /* Build configuration list for PBXNativeTarget "AppStoreTransition" */;
			buildPhases = (
				B28FD33D24928A10004CDFB2 /* Sources */,
				B28FD33E24928A10004CDFB2 /* Frameworks */,
				B28FD33F24928A10004CDFB2 /* Resources */,
			);
			buildRules = (
			);
			dependencies = (
			);
			name = AppStoreTransition;
			productName = AppStoreTransition;
			productReference = B28FD34124928A10004CDFB2 /* AppStoreTransition.app */;
			productType = "com.apple.product-type.application";
		};
/* End PBXNativeTarget section */

/* Begin PBXProject section */
		B28FD33924928A10004CDFB2 /* Project object */ = {
			isa = PBXProject;
			attributes = {
				LastSwiftUpdateCheck = 1130;
				LastUpgradeCheck = 1130;
				ORGANIZATIONNAME = "JCS Development";
				TargetAttributes = {
					B28FD34024928A10004CDFB2 = {
						CreatedOnToolsVersion = 11.3.1;
					};
				};
			};
			buildConfigurationList = B28FD33C24928A10004CDFB2 /* Build configuration list for PBXProject "AppStoreTransition" */;
			compatibilityVersion = "Xcode 9.3";
			developmentRegion = en;
			hasScannedForEncodings = 0;
			knownRegions = (
				en,
				Base,
			);
			mainGroup = B28FD33824928A10004CDFB2;
			productRefGroup = B28FD34224928A10004CDFB2 /* Products */;
			projectDirPath = "";
			projectRoot = "";
			targets = (
				B28FD34024928A10004CDFB2 /* AppStoreTransition */,
			);
		};
/* End PBXProject section */

/* Begin PBXResourcesBuildPhase section */
		B28FD33F24928A10004CDFB2 /* Resources */ = {
			isa = PBXResourcesBuildPhase;
			buildActionMask = 2147483647;
			files = (
				B2AE48B62493F83900194F5E /* CardContentView.xib in Resources */,
				B2AE48B02493ECB200194F5E /* CardCollectionViewCell.xib in Resources */,
				B28FD35124928A15004CDFB2 /* LaunchScreen.storyboard in Resources */,
				B28FD34E24928A15004CDFB2 /* Assets.xcassets in Resources */,
				B28FD34C24928A10004CDFB2 /* Main.storyboard in Resources */,
				B2AE48B32493ED4600194F5E /* bg1.png in Resources */,
			);
			runOnlyForDeploymentPostprocessing = 0;
		};
/* End PBXResourcesBuildPhase section */

/* Begin PBXSourcesBuildPhase section */
		B28FD33D24928A10004CDFB2 /* Sources */ = {
			isa = PBXSourcesBuildPhase;
			buildActionMask = 2147483647;
			files = (
				B2A4BD1D2499103C004AD6DD /* UIImageExtensions.swift in Sources */,
				B2AE48B12493ECB200194F5E /* CardCollectionViewCell.swift in Sources */,
				B2AE48BD2493F8C300194F5E /* UIViewExtensions.swift in Sources */,
				B2AE48BA2493F88500194F5E /* Nibloadable.swift in Sources */,
				B28FD34924928A10004CDFB2 /* HomeViewController.swift in Sources */,
				B2A4BD22249926B9004AD6DD /* CardTransition.swift in Sources */,
				B2A4BD1F2499207C004AD6DD /* CardDetailViewController.swift in Sources */,
				B2A4BD27249928B5004AD6DD /* PresentCardTransitionDriver.swift in Sources */,
				B2A4BD2E24996358004AD6DD /* StatusBarAnimatableViewController.swift in Sources */,
				B2AE48B82493F85D00194F5E /* CardContentView.swift in Sources */,
				B28FD34524928A10004CDFB2 /* AppDelegate.swift in Sources */,
				B2A4BD1B24990FD0004AD6DD /* CardContentViewModel.swift in Sources */,
				B2A4BD25249927F3004AD6DD /* PresentCardAnimator.swift in Sources */,
				B2A4BD2C24995DA1004AD6DD /* CardPresentationController.swift in Sources */,
				B28FD34724928A10004CDFB2 /* SceneDelegate.swift in Sources */,
				B2A4BD2924993427004AD6DD /* DismissCardAnimator.swift in Sources */,
			);
			runOnlyForDeploymentPostprocessing = 0;
		};
/* End PBXSourcesBuildPhase section */

/* Begin PBXVariantGroup section */
		B28FD34A24928A10004CDFB2 /* Main.storyboard */ = {
			isa = PBXVariantGroup;
			children = (
				B28FD34B24928A10004CDFB2 /* Base */,
			);
			name = Main.storyboard;
			sourceTree = "<group>";
		};
		B28FD34F24928A15004CDFB2 /* LaunchScreen.storyboard */ = {
			isa = PBXVariantGroup;
			children = (
				B28FD35024928A15004CDFB2 /* Base */,
			);
			name = LaunchScreen.storyboard;
			sourceTree = "<group>";
		};
/* End PBXVariantGroup section */

/* Begin XCBuildConfiguration section */
		B28FD35324928A15004CDFB2 /* Debug */ = {
			isa = XCBuildConfiguration;
			buildSettings = {
				ALWAYS_SEARCH_USER_PATHS = NO;
				CLANG_ANALYZER_NONNULL = YES;
				CLANG_ANALYZER_NUMBER_OBJECT_CONVERSION = YES_AGGRESSIVE;
				CLANG_CXX_LANGUAGE_STANDARD = "gnu++14";
				CLANG_CXX_LIBRARY = "libc++";
				CLANG_ENABLE_MODULES = YES;
				CLANG_ENABLE_OBJC_ARC = YES;
				CLANG_ENABLE_OBJC_WEAK = YES;
				CLANG_WARN_BLOCK_CAPTURE_AUTORELEASING = YES;
				CLANG_WARN_BOOL_CONVERSION = YES;
				CLANG_WARN_COMMA = YES;
				CLANG_WARN_CONSTANT_CONVERSION = YES;
				CLANG_WARN_DEPRECATED_OBJC_IMPLEMENTATIONS = YES;
				CLANG_WARN_DIRECT_OBJC_ISA_USAGE = YES_ERROR;
				CLANG_WARN_DOCUMENTATION_COMMENTS = YES;
				CLANG_WARN_EMPTY_BODY = YES;
				CLANG_WARN_ENUM_CONVERSION = YES;
				CLANG_WARN_INFINITE_RECURSION = YES;
				CLANG_WARN_INT_CONVERSION = YES;
				CLANG_WARN_NON_LITERAL_NULL_CONVERSION = YES;
				CLANG_WARN_OBJC_IMPLICIT_RETAIN_SELF = YES;
				CLANG_WARN_OBJC_LITERAL_CONVERSION = YES;
				CLANG_WARN_OBJC_ROOT_CLASS = YES_ERROR;
				CLANG_WARN_RANGE_LOOP_ANALYSIS = YES;
				CLANG_WARN_STRICT_PROTOTYPES = YES;
				CLANG_WARN_SUSPICIOUS_MOVE = YES;
				CLANG_WARN_UNGUARDED_AVAILABILITY = YES_AGGRESSIVE;
				CLANG_WARN_UNREACHABLE_CODE = YES;
				CLANG_WARN__DUPLICATE_METHOD_MATCH = YES;
				COPY_PHASE_STRIP = NO;
				DEBUG_INFORMATION_FORMAT = dwarf;
				ENABLE_STRICT_OBJC_MSGSEND = YES;
				ENABLE_TESTABILITY = YES;
				GCC_C_LANGUAGE_STANDARD = gnu11;
				GCC_DYNAMIC_NO_PIC = NO;
				GCC_NO_COMMON_BLOCKS = YES;
				GCC_OPTIMIZATION_LEVEL = 0;
				GCC_PREPROCESSOR_DEFINITIONS = (
					"DEBUG=1",
					"$(inherited)",
				);
				GCC_WARN_64_TO_32_BIT_CONVERSION = YES;
				GCC_WARN_ABOUT_RETURN_TYPE = YES_ERROR;
				GCC_WARN_UNDECLARED_SELECTOR = YES;
				GCC_WARN_UNINITIALIZED_AUTOS = YES_AGGRESSIVE;
				GCC_WARN_UNUSED_FUNCTION = YES;
				GCC_WARN_UNUSED_VARIABLE = YES;
				IPHONEOS_DEPLOYMENT_TARGET = 13.2;
				MTL_ENABLE_DEBUG_INFO = INCLUDE_SOURCE;
				MTL_FAST_MATH = YES;
				ONLY_ACTIVE_ARCH = YES;
				SDKROOT = iphoneos;
				SWIFT_ACTIVE_COMPILATION_CONDITIONS = DEBUG;
				SWIFT_OPTIMIZATION_LEVEL = "-Onone";
			};
			name = Debug;
		};
		B28FD35424928A15004CDFB2 /* Release */ = {
			isa = XCBuildConfiguration;
			buildSettings = {
				ALWAYS_SEARCH_USER_PATHS = NO;
				CLANG_ANALYZER_NONNULL = YES;
				CLANG_ANALYZER_NUMBER_OBJECT_CONVERSION = YES_AGGRESSIVE;
				CLANG_CXX_LANGUAGE_STANDARD = "gnu++14";
				CLANG_CXX_LIBRARY = "libc++";
				CLANG_ENABLE_MODULES = YES;
				CLANG_ENABLE_OBJC_ARC = YES;
				CLANG_ENABLE_OBJC_WEAK = YES;
				CLANG_WARN_BLOCK_CAPTURE_AUTORELEASING = YES;
				CLANG_WARN_BOOL_CONVERSION = YES;
				CLANG_WARN_COMMA = YES;
				CLANG_WARN_CONSTANT_CONVERSION = YES;
				CLANG_WARN_DEPRECATED_OBJC_IMPLEMENTATIONS = YES;
				CLANG_WARN_DIRECT_OBJC_ISA_USAGE = YES_ERROR;
				CLANG_WARN_DOCUMENTATION_COMMENTS = YES;
				CLANG_WARN_EMPTY_BODY = YES;
				CLANG_WARN_ENUM_CONVERSION = YES;
				CLANG_WARN_INFINITE_RECURSION = YES;
				CLANG_WARN_INT_CONVERSION = YES;
				CLANG_WARN_NON_LITERAL_NULL_CONVERSION = YES;
				CLANG_WARN_OBJC_IMPLICIT_RETAIN_SELF = YES;
				CLANG_WARN_OBJC_LITERAL_CONVERSION = YES;
				CLANG_WARN_OBJC_ROOT_CLASS = YES_ERROR;
				CLANG_WARN_RANGE_LOOP_ANALYSIS = YES;
				CLANG_WARN_STRICT_PROTOTYPES = YES;
				CLANG_WARN_SUSPICIOUS_MOVE = YES;
				CLANG_WARN_UNGUARDED_AVAILABILITY = YES_AGGRESSIVE;
				CLANG_WARN_UNREACHABLE_CODE = YES;
				CLANG_WARN__DUPLICATE_METHOD_MATCH = YES;
				COPY_PHASE_STRIP = NO;
				DEBUG_INFORMATION_FORMAT = "dwarf-with-dsym";
				ENABLE_NS_ASSERTIONS = NO;
				ENABLE_STRICT_OBJC_MSGSEND = YES;
				GCC_C_LANGUAGE_STANDARD = gnu11;
				GCC_NO_COMMON_BLOCKS = YES;
				GCC_WARN_64_TO_32_BIT_CONVERSION = YES;
				GCC_WARN_ABOUT_RETURN_TYPE = YES_ERROR;
				GCC_WARN_UNDECLARED_SELECTOR = YES;
				GCC_WARN_UNINITIALIZED_AUTOS = YES_AGGRESSIVE;
				GCC_WARN_UNUSED_FUNCTION = YES;
				GCC_WARN_UNUSED_VARIABLE = YES;
				IPHONEOS_DEPLOYMENT_TARGET = 13.2;
				MTL_ENABLE_DEBUG_INFO = NO;
				MTL_FAST_MATH = YES;
				SDKROOT = iphoneos;
				SWIFT_COMPILATION_MODE = wholemodule;
				SWIFT_OPTIMIZATION_LEVEL = "-O";
				VALIDATE_PRODUCT = YES;
			};
			name = Release;
		};
		B28FD35624928A15004CDFB2 /* Debug */ = {
			isa = XCBuildConfiguration;
			buildSettings = {
				ASSETCATALOG_COMPILER_APPICON_NAME = AppIcon;
				CODE_SIGN_STYLE = Automatic;
				DEVELOPMENT_TEAM = WSP8L686Z2;
				INFOPLIST_FILE = AppStoreTransition/Info.plist;
				LD_RUNPATH_SEARCH_PATHS = (
					"$(inherited)",
					"@executable_path/Frameworks",
				);
				PRODUCT_BUNDLE_IDENTIFIER = com.test.AppStoreTransition;
				PRODUCT_NAME = "$(TARGET_NAME)";
				SWIFT_VERSION = 5.0;
				TARGETED_DEVICE_FAMILY = "1,2";
			};
			name = Debug;
		};
		B28FD35724928A15004CDFB2 /* Release */ = {
			isa = XCBuildConfiguration;
			buildSettings = {
				ASSETCATALOG_COMPILER_APPICON_NAME = AppIcon;
				CODE_SIGN_STYLE = Automatic;
				DEVELOPMENT_TEAM = WSP8L686Z2;
				INFOPLIST_FILE = AppStoreTransition/Info.plist;
				LD_RUNPATH_SEARCH_PATHS = (
					"$(inherited)",
					"@executable_path/Frameworks",
				);
				PRODUCT_BUNDLE_IDENTIFIER = com.test.AppStoreTransition;
				PRODUCT_NAME = "$(TARGET_NAME)";
				SWIFT_VERSION = 5.0;
				TARGETED_DEVICE_FAMILY = "1,2";
			};
			name = Release;
		};
/* End XCBuildConfiguration section */

/* Begin XCConfigurationList section */
		B28FD33C24928A10004CDFB2 /* Build configuration list for PBXProject "AppStoreTransition" */ = {
			isa = XCConfigurationList;
			buildConfigurations = (
				B28FD35324928A15004CDFB2 /* Debug */,
				B28FD35424928A15004CDFB2 /* Release */,
			);
			defaultConfigurationIsVisible = 0;
			defaultConfigurationName = Release;
		};
		B28FD35524928A15004CDFB2 /* Build configuration list for PBXNativeTarget "AppStoreTransition" */ = {
			isa = XCConfigurationList;
			buildConfigurations = (
				B28FD35624928A15004CDFB2 /* Debug */,
				B28FD35724928A15004CDFB2 /* Release */,
			);
			defaultConfigurationIsVisible = 0;
			defaultConfigurationName = Release;
		};
/* End XCConfigurationList section */
	};
	rootObject = B28FD33924928A10004CDFB2 /* Project object */;
}
